
Microsoft Visual Studio Solution File, Format Version 12.00
# Visual Studio 15
VisualStudioVersion = 15.0.28307.852
MinimumVisualStudioVersion = 10.0.40219.1
Project("{FAE04EC0-301F-11D3-BF4B-00C04F79EFBC}") = "SteinbergDithering", "SteinbergDithering\SteinbergDithering.csproj", "{49771958-C7FB-445B-83C7-A9F067275187}"
EndProject
Global
	GlobalSection(SolutionConfigurationPlatforms) = preSolution
		Debug|Any CPU = Debug|Any CPU
		Release|Any CPU = Release|Any CPU
	EndGlobalSection
	GlobalSection(ProjectConfigurationPlatforms) = postSolution
		{49771958-C7FB-445B-83C7-A9F067275187}.Debug|Any CPU.ActiveCfg = Debug|Any CPU
		{49771958-C7FB-445B-83C7-A9F067275187}.Debug|Any CPU.Build.0 = Debug|Any CPU
		{49771958-C7FB-445B-83C7-A9F067275187}.Release|Any CPU.ActiveCfg = Release|Any CPU
		{49771958-C7FB-445B-83C7-A9F067275187}.Release|Any CPU.Build.0 = Release|Any CPU
	EndGlobalSection
	GlobalSection(SolutionProperties) = preSolution
		HideSolutionNode = FALSE
	EndGlobalSection
	GlobalSection(ExtensibilityGlobals) = postSolution
		SolutionGuid = {E42130D5-828B-4F1C-B16C-7EDA4ED0A3F4}
	EndGlobalSection
EndGlobal
